Microsoft Visual Studio Solution File, Format Version 12.00
# Visual Studio Version 16
VisualStudioVersion = 16.0.30611.23
MinimumVisualStudioVersion = 10.0.40219.1
Project("{9A19103F-16F7-4668-BE54-9A1E7A4F7556}") = "CreatingRoomCalendar", "CreatingRoomCalendar\CreatingRoomCalendar.csproj", "{0275EE02-48FF-47DE-8F67-3D1F0E688BAE}"
EndProject
Project("{FAE04EC0-301F-11D3-BF4B-00C04F79EFBC}") = "CreatingRoomCalendar.UWP", "CreatingRoomCalendar.UWP\CreatingRoomCalendar.UWP.csproj", "{0A0BBCBC-F902-43B5-8854-B59DB3CB07A3}"
EndProject
Project("{FAE04EC0-301F-11D3-BF4B-00C04F79EFBC}") = "CreatingRoomCalendar.WPF", "CreatingRoomCalendar.WPF\CreatingRoomCalendar.WPF.csproj", "{CFE98985-759C-4F86-85E1-016BD9FF5CB3}"
EndProject
Project("{FAE04EC0-301F-11D3-BF4B-00C04F79EFBC}") = "CreatingRoomCalendar.Android", "CreatingRoomCalendar.Android\CreatingRoomCalendar.Android.csproj", "{875512DE-A657-454E-B867-611D4491C963}"
EndProject
Project("{FAE04EC0-301F-11D3-BF4B-00C04F79EFBC}") = "CreatingRoomCalendar.iOS", "CreatingRoomCalendar.iOS\CreatingRoomCalendar.iOS.csproj", "{ECCA5902-C028-46B3-A2B9-8D2914129F48}"
EndProject
Global
	GlobalSection(SolutionConfigurationPlatforms) = preSolution
		Ad-Hoc|Any CPU = Ad-Hoc|Any CPU
		Ad-Hoc|ARM = Ad-Hoc|ARM
		Ad-Hoc|iPhone = Ad-Hoc|iPhone
		Ad-Hoc|iPhoneSimulator = Ad-Hoc|iPhoneSimulator
		Ad-Hoc|x64 = Ad-Hoc|x64
		Ad-Hoc|x86 = Ad-Hoc|x86
		AppStore|Any CPU = AppStore|Any CPU
		AppStore|ARM = AppStore|ARM
		AppStore|iPhone = AppStore|iPhone
		AppStore|iPhoneSimulator = AppStore|iPhoneSimulator
		AppStore|x64 = AppStore|x64
		AppStore|x86 = AppStore|x86
		Debug|Any CPU = Debug|Any CPU
		Debug|ARM = Debug|ARM
		Debug|iPhone = Debug|iPhone
		Debug|iPhoneSimulator = Debug|iPhoneSimulator
		Debug|x64 = Debug|x64
		Debug|x86 = Debug|x86
		Release|Any CPU = Release|Any CPU
		Release|ARM = Release|ARM
		Release|iPhone = Release|iPhone
		Release|iPhoneSimulator = Release|iPhoneSimulator
		Release|x64 = Release|x64
		Release|x86 = Release|x86
		Release-Xml|Any CPU = Release-Xml|Any CPU
		Release-Xml|ARM = Release-Xml|ARM
		Release-Xml|iPhone = Release-Xml|iPhone
		Release-Xml|iPhoneSimulator = Release-Xml|iPhoneSimulator
		Release-Xml|x64 = Release-Xml|x64
		Release-Xml|x86 = Release-Xml|x86
	EndGlobalSection
	GlobalSection(ProjectConfigurationPlatforms) = postSolution
		{0275EE02-48FF-47DE-8F67-3D1F0E688BAE}.Ad-Hoc|Any CPU.ActiveCfg = Release|Any CPU
		{0275EE02-48FF-47DE-8F67-3D1F0E688BAE}.Ad-Hoc|Any CPU.Build.0 = Release|Any CPU
		{0275EE02-48FF-47DE-8F67-3D1F0E688BAE}.Ad-Hoc|ARM.ActiveCfg = Debug|Any CPU
		{0275EE02-48FF-47DE-8F67-3D1F0E688BAE}.Ad-Hoc|ARM.Build.0 = Debug|Any CPU
		{0275EE02-48FF-47DE-8F67-3D1F0E688BAE}.Ad-Hoc|iPhone.ActiveCfg = Debug|Any CPU
		{0275EE02-48FF-47DE-8F67-3D1F0E688BAE}.Ad-Hoc|iPhone.Build.0 = Debug|Any CPU
		{0275EE02-48FF-47DE-8F67-3D1F0E688BAE}.Ad-Hoc|iPhoneSimulator.ActiveCfg = Release|Any CPU
		{0275EE02-48FF-47DE-8F67-3D1F0E688BAE}.Ad-Hoc|iPhoneSimulator.Build.0 = Release|Any CPU
		{0275EE02-48FF-47DE-8F67-3D1F0E688BAE}.Ad-Hoc|x64.ActiveCfg = Debug|Any CPU
		{0275EE02-48FF-47DE-8F67-3D1F0E688BAE}.Ad-Hoc|x64.Build.0 = Debug|Any CPU
		{0275EE02-48FF-47DE-8F67-3D1F0E688BAE}.Ad-Hoc|x86.ActiveCfg = Debug|Any CPU
		{0275EE02-48FF-47DE-8F67-3D1F0E688BAE}.Ad-Hoc|x86.Build.0 = Debug|Any CPU
		{0275EE02-48FF-47DE-8F67-3D1F0E688BAE}.AppStore|Any CPU.ActiveCfg = Release|Any CPU
		{0275EE02-48FF-47DE-8F67-3D1F0E688BAE}.AppStore|Any CPU.Build.0 = Release|Any CPU
		{0275EE02-48FF-47DE-8F67-3D1F0E688BAE}.AppStore|ARM.ActiveCfg = Debug|Any CPU
		{0275EE02-48FF-47DE-8F67-3D1F0E688BAE}.AppStore|ARM.Build.0 = Debug|Any CPU
		{0275EE02-48FF-47DE-8F67-3D1F0E688BAE}.AppStore|iPhone.ActiveCfg = Debug|Any CPU
		{0275EE02-48FF-47DE-8F67-3D1F0E688BAE}.AppStore|iPhone.Build.0 = Debug|Any CPU
		{0275EE02-48FF-47DE-8F67-3D1F0E688BAE}.AppStore|iPhoneSimulator.ActiveCfg = Release|Any CPU
		{0275EE02-48FF-47DE-8F67-3D1F0E688BAE}.AppStore|iPhoneSimulator.Build.0 = Release|Any CPU
		{0275EE02-48FF-47DE-8F67-3D1F0E688BAE}.AppStore|x64.ActiveCfg = Debug|Any CPU
		{0275EE02-48FF-47DE-8F67-3D1F0E688BAE}.AppStore|x64.Build.0 = Debug|Any CPU
		{0275EE02-48FF-47DE-8F67-3D1F0E688BAE}.AppStore|x86.ActiveCfg = Debug|Any CPU
		{0275EE02-48FF-47DE-8F67-3D1F0E688BAE}.AppStore|x86.Build.0 = Debug|Any CPU
		{0275EE02-48FF-47DE-8F67-3D1F0E688BAE}.Debug|Any CPU.ActiveCfg = Debug|Any CPU
		{0275EE02-48FF-47DE-8F67-3D1F0E688BAE}.Debug|Any CPU.Build.0 = Debug|Any CPU
		{0275EE02-48FF-47DE-8F67-3D1F0E688BAE}.Debug|ARM.ActiveCfg = Debug|Any CPU
		{0275EE02-48FF-47DE-8F67-3D1F0E688BAE}.Debug|ARM.Build.0 = Debug|Any CPU
		{0275EE02-48FF-47DE-8F67-3D1F0E688BAE}.Debug|iPhone.ActiveCfg = Debug|Any CPU
		{0275EE02-48FF-47DE-8F67-3D1F0E688BAE}.Debug|iPhone.Build.0 = Debug|Any CPU
		{0275EE02-48FF-47DE-8F67-3D1F0E688BAE}.Debug|iPhoneSimulator.ActiveCfg = Debug|Any CPU
		{0275EE02-48FF-47DE-8F67-3D1F0E688BAE}.Debug|iPhoneSimulator.Build.0 = Debug|Any CPU
		{0275EE02-48FF-47DE-8F67-3D1F0E688BAE}.Debug|x64.ActiveCfg = Debug|Any CPU
		{0275EE02-48FF-47DE-8F67-3D1F0E688BAE}.Debug|x64.Build.0 = Debug|Any CPU
		{0275EE02-48FF-47DE-8F67-3D1F0E688BAE}.Debug|x86.ActiveCfg = Debug|Any CPU
		{0275EE02-48FF-47DE-8F67-3D1F0E688BAE}.Debug|x86.Build.0 = Debug|Any CPU
		{0275EE02-48FF-47DE-8F67-3D1F0E688BAE}.Release|Any CPU.ActiveCfg = Release|Any CPU
		{0275EE02-48FF-47DE-8F67-3D1F0E688BAE}.Release|Any CPU.Build.0 = Release|Any CPU
		{0275EE02-48FF-47DE-8F67-3D1F0E688BAE}.Release|ARM.ActiveCfg = Release|Any CPU
		{0275EE02-48FF-47DE-8F67-3D1F0E688BAE}.Release|ARM.Build.0 = Release|Any CPU
		{0275EE02-48FF-47DE-8F67-3D1F0E688BAE}.Release|iPhone.ActiveCfg = Release|Any CPU
		{0275EE02-48FF-47DE-8F67-3D1F0E688BAE}.Release|iPhone.Build.0 = Release|Any CPU
		{0275EE02-48FF-47DE-8F67-3D1F0E688BAE}.Release|iPhoneSimulator.ActiveCfg = Release|Any CPU
		{0275EE02-48FF-47DE-8F67-3D1F0E688BAE}.Release|iPhoneSimulator.Build.0 = Release|Any CPU
		{0275EE02-48FF-47DE-8F67-3D1F0E688BAE}.Release|x64.ActiveCfg = Release|Any CPU
		{0275EE02-48FF-47DE-8F67-3D1F0E688BAE}.Release|x64.Build.0 = Release|Any CPU
		{0275EE02-48FF-47DE-8F67-3D1F0E688BAE}.Release|x86.ActiveCfg = Release|Any CPU
		{0275EE02-48FF-47DE-8F67-3D1F0E688BAE}.Release|x86.Build.0 = Release|Any CPU
		{0275EE02-48FF-47DE-8F67-3D1F0E688BAE}.Release-Xml|Any CPU.ActiveCfg = Release|Any CPU
		{0275EE02-48FF-47DE-8F67-3D1F0E688BAE}.Release-Xml|Any CPU.Build.0 = Release|Any CPU
		{0275EE02-48FF-47DE-8F67-3D1F0E688BAE}.Release-Xml|ARM.ActiveCfg = Release|Any CPU
		{0275EE02-48FF-47DE-8F67-3D1F0E688BAE}.Release-Xml|ARM.Build.0 = Release|Any CPU
		{0275EE02-48FF-47DE-8F67-3D1F0E688BAE}.Release-Xml|iPhone.ActiveCfg = Release|Any CPU
		{0275EE02-48FF-47DE-8F67-3D1F0E688BAE}.Release-Xml|iPhone.Build.0 = Release|Any CPU
		{0275EE02-48FF-47DE-8F67-3D1F0E688BAE}.Release-Xml|iPhoneSimulator.ActiveCfg = Release|Any CPU
		{0275EE02-48FF-47DE-8F67-3D1F0E688BAE}.Release-Xml|iPhoneSimulator.Build.0 = Release|Any CPU
		{0275EE02-48FF-47DE-8F67-3D1F0E688BAE}.Release-Xml|x64.ActiveCfg = Release|Any CPU
		{0275EE02-48FF-47DE-8F67-3D1F0E688BAE}.Release-Xml|x64.Build.0 = Release|Any CPU
		{0275EE02-48FF-47DE-8F67-3D1F0E688BAE}.Release-Xml|x86.ActiveCfg = Release|Any CPU
		{0275EE02-48FF-47DE-8F67-3D1F0E688BAE}.Release-Xml|x86.Build.0 = Release|Any CPU
		{0A0BBCBC-F902-43B5-8854-B59DB3CB07A3}.Ad-Hoc|Any CPU.ActiveCfg = Release|x86
		{0A0BBCBC-F902-43B5-8854-B59DB3CB07A3}.Ad-Hoc|Any CPU.Build.0 = Release|x86
		{0A0BBCBC-F902-43B5-8854-B59DB3CB07A3}.Ad-Hoc|Any CPU.Deploy.0 = Release|x86
		{0A0BBCBC-F902-43B5-8854-B59DB3CB07A3}.Ad-Hoc|ARM.ActiveCfg = Release|ARM
		{0A0BBCBC-F902-43B5-8854-B59DB3CB07A3}.Ad-Hoc|ARM.Build.0 = Release|ARM
		{0A0BBCBC-F902-43B5-8854-B59DB3CB07A3}.Ad-Hoc|ARM.Deploy.0 = Release|ARM
		{0A0BBCBC-F902-43B5-8854-B59DB3CB07A3}.Ad-Hoc|iPhone.ActiveCfg = Release|x86
		{0A0BBCBC-F902-43B5-8854-B59DB3CB07A3}.Ad-Hoc|iPhone.Build.0 = Release|x86
		{0A0BBCBC-F902-43B5-8854-B59DB3CB07A3}.Ad-Hoc|iPhone.Deploy.0 = Release|x86
		{0A0BBCBC-F902-43B5-8854-B59DB3CB07A3}.Ad-Hoc|iPhoneSimulator.ActiveCfg = Release|x86
		{0A0BBCBC-F902-43B5-8854-B59DB3CB07A3}.Ad-Hoc|iPhoneSimulator.Build.0 = Release|x86
		{0A0BBCBC-F902-43B5-8854-B59DB3CB07A3}.Ad-Hoc|iPhoneSimulator.Deploy.0 = Release|x86
		{0A0BBCBC-F902-43B5-8854-B59DB3CB07A3}.Ad-Hoc|x64.ActiveCfg = Release|x64
		{0A0BBCBC-F902-43B5-8854-B59DB3CB07A3}.Ad-Hoc|x64.Build.0 = Release|x64
		{0A0BBCBC-F902-43B5-8854-B59DB3CB07A3}.Ad-Hoc|x64.Deploy.0 = Release|x64
		{0A0BBCBC-F902-43B5-8854-B59DB3CB07A3}.Ad-Hoc|x86.ActiveCfg = Release|x86
		{0A0BBCBC-F902-43B5-8854-B59DB3CB07A3}.Ad-Hoc|x86.Build.0 = Release|x86
		{0A0BBCBC-F902-43B5-8854-B59DB3CB07A3}.Ad-Hoc|x86.Deploy.0 = Release|x86
		{0A0BBCBC-F902-43B5-8854-B59DB3CB07A3}.AppStore|Any CPU.ActiveCfg = Release|x86
		{0A0BBCBC-F902-43B5-8854-B59DB3CB07A3}.AppStore|Any CPU.Build.0 = Release|x86
		{0A0BBCBC-F902-43B5-8854-B59DB3CB07A3}.AppStore|Any CPU.Deploy.0 = Release|x86
		{0A0BBCBC-F902-43B5-8854-B59DB3CB07A3}.AppStore|ARM.ActiveCfg = Release|ARM
		{0A0BBCBC-F902-43B5-8854-B59DB3CB07A3}.AppStore|ARM.Build.0 = Release|ARM
		{0A0BBCBC-F902-43B5-8854-B59DB3CB07A3}.AppStore|ARM.Deploy.0 = Release|ARM
		{0A0BBCBC-F902-43B5-8854-B59DB3CB07A3}.AppStore|iPhone.ActiveCfg = Release|x86
		{0A0BBCBC-F902-43B5-8854-B59DB3CB07A3}.AppStore|iPhone.Build.0 = Release|x86
		{0A0BBCBC-F902-43B5-8854-B59DB3CB07A3}.AppStore|iPhone.Deploy.0 = Release|x86
		{0A0BBCBC-F902-43B5-8854-B59DB3CB07A3}.AppStore|iPhoneSimulator.ActiveCfg = Release|x86
		{0A0BBCBC-F902-43B5-8854-B59DB3CB07A3}.AppStore|iPhoneSimulator.Build.0 = Release|x86
		{0A0BBCBC-F902-43B5-8854-B59DB3CB07A3}.AppStore|iPhoneSimulator.Deploy.0 = Release|x86
		{0A0BBCBC-F902-43B5-8854-B59DB3CB07A3}.AppStore|x64.ActiveCfg = Release|x64
		{0A0BBCBC-F902-43B5-8854-B59DB3CB07A3}.AppStore|x64.Build.0 = Release|x64
		{0A0BBCBC-F902-43B5-8854-B59DB3CB07A3}.AppStore|x64.Deploy.0 = Release|x64
		{0A0BBCBC-F902-43B5-8854-B59DB3CB07A3}.AppStore|x86.ActiveCfg = Release|x86
		{0A0BBCBC-F902-43B5-8854-B59DB3CB07A3}.AppStore|x86.Build.0 = Release|x86
		{0A0BBCBC-F902-43B5-8854-B59DB3CB07A3}.AppStore|x86.Deploy.0 = Release|x86
		{0A0BBCBC-F902-43B5-8854-B59DB3CB07A3}.Debug|Any CPU.ActiveCfg = Debug|x86
		{0A0BBCBC-F902-43B5-8854-B59DB3CB07A3}.Debug|Any CPU.Build.0 = Debug|x86
		{0A0BBCBC-F902-43B5-8854-B59DB3CB07A3}.Debug|Any CPU.Deploy.0 = Debug|x86
		{0A0BBCBC-F902-43B5-8854-B59DB3CB07A3}.Debug|ARM.ActiveCfg = Debug|ARM
		{0A0BBCBC-F902-43B5-8854-B59DB3CB07A3}.Debug|ARM.Build.0 = Debug|ARM
		{0A0BBCBC-F902-43B5-8854-B59DB3CB07A3}.Debug|ARM.Deploy.0 = Debug|ARM
		{0A0BBCBC-F902-43B5-8854-B59DB3CB07A3}.Debug|iPhone.ActiveCfg = Debug|x86
		{0A0BBCBC-F902-43B5-8854-B59DB3CB07A3}.Debug|iPhoneSimulator.ActiveCfg = Debug|x86
		{0A0BBCBC-F902-43B5-8854-B59DB3CB07A3}.Debug|x64.ActiveCfg = Debug|x64
		{0A0BBCBC-F902-43B5-8854-B59DB3CB07A3}.Debug|x64.Build.0 = Debug|x64
		{0A0BBCBC-F902-43B5-8854-B59DB3CB07A3}.Debug|x64.Deploy.0 = Debug|x64
		{0A0BBCBC-F902-43B5-8854-B59DB3CB07A3}.Debug|x86.ActiveCfg = Debug|x86
		{0A0BBCBC-F902-43B5-8854-B59DB3CB07A3}.Debug|x86.Build.0 = Debug|x86
		{0A0BBCBC-F902-43B5-8854-B59DB3CB07A3}.Debug|x86.Deploy.0 = Debug|x86
		{0A0BBCBC-F902-43B5-8854-B59DB3CB07A3}.Release|Any CPU.ActiveCfg = Release|x86
		{0A0BBCBC-F902-43B5-8854-B59DB3CB07A3}.Release|ARM.ActiveCfg = Release|ARM
		{0A0BBCBC-F902-43B5-8854-B59DB3CB07A3}.Release|ARM.Build.0 = Release|ARM
		{0A0BBCBC-F902-43B5-8854-B59DB3CB07A3}.Release|ARM.Deploy.0 = Release|ARM
		{0A0BBCBC-F902-43B5-8854-B59DB3CB07A3}.Release|iPhone.ActiveCfg = Release|x86
		{0A0BBCBC-F902-43B5-8854-B59DB3CB07A3}.Release|iPhoneSimulator.ActiveCfg = Release|x86
		{0A0BBCBC-F902-43B5-8854-B59DB3CB07A3}.Release|x64.ActiveCfg = Release|x64
		{0A0BBCBC-F902-43B5-8854-B59DB3CB07A3}.Release|x64.Build.0 = Release|x64
		{0A0BBCBC-F902-43B5-8854-B59DB3CB07A3}.Release|x64.Deploy.0 = Release|x64
		{0A0BBCBC-F902-43B5-8854-B59DB3CB07A3}.Release|x86.ActiveCfg = Release|x86
		{0A0BBCBC-F902-43B5-8854-B59DB3CB07A3}.Release|x86.Build.0 = Release|x86
		{0A0BBCBC-F902-43B5-8854-B59DB3CB07A3}.Release|x86.Deploy.0 = Release|x86
		{0A0BBCBC-F902-43B5-8854-B59DB3CB07A3}.Release-Xml|Any CPU.ActiveCfg = Release|x86
		{0A0BBCBC-F902-43B5-8854-B59DB3CB07A3}.Release-Xml|Any CPU.Build.0 = Release|x86
		{0A0BBCBC-F902-43B5-8854-B59DB3CB07A3}.Release-Xml|Any CPU.Deploy.0 = Release|x86
		{0A0BBCBC-F902-43B5-8854-B59DB3CB07A3}.Release-Xml|ARM.ActiveCfg = Release|ARM
		{0A0BBCBC-F902-43B5-8854-B59DB3CB07A3}.Release-Xml|ARM.Build.0 = Release|ARM
		{0A0BBCBC-F902-43B5-8854-B59DB3CB07A3}.Release-Xml|ARM.Deploy.0 = Release|ARM
		{0A0BBCBC-F902-43B5-8854-B59DB3CB07A3}.Release-Xml|iPhone.ActiveCfg = Release|x86
		{0A0BBCBC-F902-43B5-8854-B59DB3CB07A3}.Release-Xml|iPhone.Build.0 = Release|x86
		{0A0BBCBC-F902-43B5-8854-B59DB3CB07A3}.Release-Xml|iPhone.Deploy.0 = Release|x86
		{0A0BBCBC-F902-43B5-8854-B59DB3CB07A3}.Release-Xml|iPhoneSimulator.ActiveCfg = Release|x86
		{0A0BBCBC-F902-43B5-8854-B59DB3CB07A3}.Release-Xml|iPhoneSimulator.Build.0 = Release|x86
		{0A0BBCBC-F902-43B5-8854-B59DB3CB07A3}.Release-Xml|iPhoneSimulator.Deploy.0 = Release|x86
		{0A0BBCBC-F902-43B5-8854-B59DB3CB07A3}.Release-Xml|x64.ActiveCfg = Release|x64
		{0A0BBCBC-F902-43B5-8854-B59DB3CB07A3}.Release-Xml|x64.Build.0 = Release|x64
		{0A0BBCBC-F902-43B5-8854-B59DB3CB07A3}.Release-Xml|x64.Deploy.0 = Release|x64
		{0A0BBCBC-F902-43B5-8854-B59DB3CB07A3}.Release-Xml|x86.ActiveCfg = Release|x86
		{0A0BBCBC-F902-43B5-8854-B59DB3CB07A3}.Release-Xml|x86.Build.0 = Release|x86
		{0A0BBCBC-F902-43B5-8854-B59DB3CB07A3}.Release-Xml|x86.Deploy.0 = Release|x86
		{CFE98985-759C-4F86-85E1-016BD9FF5CB3}.Ad-Hoc|Any CPU.ActiveCfg = Release|Any CPU
		{CFE98985-759C-4F86-85E1-016BD9FF5CB3}.Ad-Hoc|Any CPU.Build.0 = Release|Any CPU
		{CFE98985-759C-4F86-85E1-016BD9FF5CB3}.Ad-Hoc|ARM.ActiveCfg = Release|Any CPU
		{CFE98985-759C-4F86-85E1-016BD9FF5CB3}.Ad-Hoc|ARM.Build.0 = Release|Any CPU
		{CFE98985-759C-4F86-85E1-016BD9FF5CB3}.Ad-Hoc|iPhone.ActiveCfg = Release|Any CPU
		{CFE98985-759C-4F86-85E1-016BD9FF5CB3}.Ad-Hoc|iPhone.Build.0 = Release|Any CPU
		{CFE98985-759C-4F86-85E1-016BD9FF5CB3}.Ad-Hoc|iPhoneSimulator.ActiveCfg = Release|Any CPU
		{CFE98985-759C-4F86-85E1-016BD9FF5CB3}.Ad-Hoc|iPhoneSimulator.Build.0 = Release|Any CPU
		{CFE98985-759C-4F86-85E1-016BD9FF5CB3}.Ad-Hoc|x64.ActiveCfg = Release|Any CPU
		{CFE98985-759C-4F86-85E1-016BD9FF5CB3}.Ad-Hoc|x64.Build.0 = Release|Any CPU
		{CFE98985-759C-4F86-85E1-016BD9FF5CB3}.Ad-Hoc|x86.ActiveCfg = Release|Any CPU
		{CFE98985-759C-4F86-85E1-016BD9FF5CB3}.Ad-Hoc|x86.Build.0 = Release|Any CPU
		{CFE98985-759C-4F86-85E1-016BD9FF5CB3}.AppStore|Any CPU.ActiveCfg = Release|Any CPU
		{CFE98985-759C-4F86-85E1-016BD9FF5CB3}.AppStore|Any CPU.Build.0 = Release|Any CPU
		{CFE98985-759C-4F86-85E1-016BD9FF5CB3}.AppStore|ARM.ActiveCfg = Release|Any CPU
		{CFE98985-759C-4F86-85E1-016BD9FF5CB3}.AppStore|ARM.Build.0 = Release|Any CPU
		{CFE98985-759C-4F86-85E1-016BD9FF5CB3}.AppStore|iPhone.ActiveCfg = Release|Any CPU
		{CFE98985-759C-4F86-85E1-016BD9FF5CB3}.AppStore|iPhone.Build.0 = Release|Any CPU
		{CFE98985-759C-4F86-85E1-016BD9FF5CB3}.AppStore|iPhoneSimulator.ActiveCfg = Release|Any CPU
		{CFE98985-759C-4F86-85E1-016BD9FF5CB3}.AppStore|iPhoneSimulator.Build.0 = Release|Any CPU
		{CFE98985-759C-4F86-85E1-016BD9FF5CB3}.AppStore|x64.ActiveCfg = Release|Any CPU
		{CFE98985-759C-4F86-85E1-016BD9FF5CB3}.AppStore|x64.Build.0 = Release|Any CPU
		{CFE98985-759C-4F86-85E1-016BD9FF5CB3}.AppStore|x86.ActiveCfg = Release|Any CPU
		{CFE98985-759C-4F86-85E1-016BD9FF5CB3}.AppStore|x86.Build.0 = Release|Any CPU
		{CFE98985-759C-4F86-85E1-016BD9FF5CB3}.Debug|Any CPU.ActiveCfg = Debug|Any CPU
		{CFE98985-759C-4F86-85E1-016BD9FF5CB3}.Debug|Any CPU.Build.0 = Debug|Any CPU
		{CFE98985-759C-4F86-85E1-016BD9FF5CB3}.Debug|ARM.ActiveCfg = Debug|Any CPU
		{CFE98985-759C-4F86-85E1-016BD9FF5CB3}.Debug|ARM.Build.0 = Debug|Any CPU
		{CFE98985-759C-4F86-85E1-016BD9FF5CB3}.Debug|iPhone.ActiveCfg = Debug|Any CPU
		{CFE98985-759C-4F86-85E1-016BD9FF5CB3}.Debug|iPhone.Build.0 = Debug|Any CPU
		{CFE98985-759C-4F86-85E1-016BD9FF5CB3}.Debug|iPhoneSimulator.ActiveCfg = Debug|Any CPU
		{CFE98985-759C-4F86-85E1-016BD9FF5CB3}.Debug|iPhoneSimulator.Build.0 = Debug|Any CPU
		{CFE98985-759C-4F86-85E1-016BD9FF5CB3}.Debug|x64.ActiveCfg = Debug|Any CPU
		{CFE98985-759C-4F86-85E1-016BD9FF5CB3}.Debug|x64.Build.0 = Debug|Any CPU
		{CFE98985-759C-4F86-85E1-016BD9FF5CB3}.Debug|x86.ActiveCfg = Debug|Any CPU
		{CFE98985-759C-4F86-85E1-016BD9FF5CB3}.Debug|x86.Build.0 = Debug|Any CPU
		{CFE98985-759C-4F86-85E1-016BD9FF5CB3}.Release|Any CPU.ActiveCfg = Release|Any CPU
		{CFE98985-759C-4F86-85E1-016BD9FF5CB3}.Release|Any CPU.Build.0 = Release|Any CPU
		{CFE98985-759C-4F86-85E1-016BD9FF5CB3}.Release|ARM.ActiveCfg = Release|Any CPU
		{CFE98985-759C-4F86-85E1-016BD9FF5CB3}.Release|ARM.Build.0 = Release|Any CPU
		{CFE98985-759C-4F86-85E1-016BD9FF5CB3}.Release|iPhone.ActiveCfg = Release|Any CPU
		{CFE98985-759C-4F86-85E1-016BD9FF5CB3}.Release|iPhone.Build.0 = Release|Any CPU
		{CFE98985-759C-4F86-85E1-016BD9FF5CB3}.Release|iPhoneSimulator.ActiveCfg = Release|Any CPU
		{CFE98985-759C-4F86-85E1-016BD9FF5CB3}.Release|iPhoneSimulator.Build.0 = Release|Any CPU
		{CFE98985-759C-4F86-85E1-016BD9FF5CB3}.Release|x64.ActiveCfg = Release|Any CPU
		{CFE98985-759C-4F86-85E1-016BD9FF5CB3}.Release|x64.Build.0 = Release|Any CPU
		{CFE98985-759C-4F86-85E1-016BD9FF5CB3}.Release|x86.ActiveCfg = Release|Any CPU
		{CFE98985-759C-4F86-85E1-016BD9FF5CB3}.Release|x86.Build.0 = Release|Any CPU
		{CFE98985-759C-4F86-85E1-016BD9FF5CB3}.Release-Xml|Any CPU.ActiveCfg = Release|Any CPU
		{CFE98985-759C-4F86-85E1-016BD9FF5CB3}.Release-Xml|Any CPU.Build.0 = Release|Any CPU
		{CFE98985-759C-4F86-85E1-016BD9FF5CB3}.Release-Xml|ARM.ActiveCfg = Release|Any CPU
		{CFE98985-759C-4F86-85E1-016BD9FF5CB3}.Release-Xml|ARM.Build.0 = Release|Any CPU
		{CFE98985-759C-4F86-85E1-016BD9FF5CB3}.Release-Xml|iPhone.ActiveCfg = Release|Any CPU
		{CFE98985-759C-4F86-85E1-016BD9FF5CB3}.Release-Xml|iPhone.Build.0 = Release|Any CPU
		{CFE98985-759C-4F86-85E1-016BD9FF5CB3}.Release-Xml|iPhoneSimulator.ActiveCfg = Release|Any CPU
		{CFE98985-759C-4F86-85E1-016BD9FF5CB3}.Release-Xml|iPhoneSimulator.Build.0 = Release|Any CPU
		{CFE98985-759C-4F86-85E1-016BD9FF5CB3}.Release-Xml|x64.ActiveCfg = Release|Any CPU
		{CFE98985-759C-4F86-85E1-016BD9FF5CB3}.Release-Xml|x64.Build.0 = Release|Any CPU
		{CFE98985-759C-4F86-85E1-016BD9FF5CB3}.Release-Xml|x86.ActiveCfg = Release|Any CPU
		{CFE98985-759C-4F86-85E1-016BD9FF5CB3}.Release-Xml|x86.Build.0 = Release|Any CPU
		{875512DE-A657-454E-B867-611D4491C963}.Ad-Hoc|Any CPU.ActiveCfg = Release|Any CPU
		{875512DE-A657-454E-B867-611D4491C963}.Ad-Hoc|Any CPU.Build.0 = Release|Any CPU
		{875512DE-A657-454E-B867-611D4491C963}.Ad-Hoc|Any CPU.Deploy.0 = Release|Any CPU
		{875512DE-A657-454E-B867-611D4491C963}.Ad-Hoc|ARM.ActiveCfg = Release|Any CPU
		{875512DE-A657-454E-B867-611D4491C963}.Ad-Hoc|ARM.Build.0 = Release|Any CPU
		{875512DE-A657-454E-B867-611D4491C963}.Ad-Hoc|ARM.Deploy.0 = Release|Any CPU
		{875512DE-A657-454E-B867-611D4491C963}.Ad-Hoc|iPhone.ActiveCfg = Release|Any CPU
		{875512DE-A657-454E-B867-611D4491C963}.Ad-Hoc|iPhone.Build.0 = Release|Any CPU
		{875512DE-A657-454E-B867-611D4491C963}.Ad-Hoc|iPhone.Deploy.0 = Release|Any CPU
		{875512DE-A657-454E-B867-611D4491C963}.Ad-Hoc|iPhoneSimulator.ActiveCfg = Release|Any CPU
		{875512DE-A657-454E-B867-611D4491C963}.Ad-Hoc|iPhoneSimulator.Build.0 = Release|Any CPU
		{875512DE-A657-454E-B867-611D4491C963}.Ad-Hoc|iPhoneSimulator.Deploy.0 = Release|Any CPU
		{875512DE-A657-454E-B867-611D4491C963}.Ad-Hoc|x64.ActiveCfg = Release|Any CPU
		{875512DE-A657-454E-B867-611D4491C963}.Ad-Hoc|x64.Build.0 = Release|Any CPU
		{875512DE-A657-454E-B867-611D4491C963}.Ad-Hoc|x64.Deploy.0 = Release|Any CPU
		{875512DE-A657-454E-B867-611D4491C963}.Ad-Hoc|x86.ActiveCfg = Release|Any CPU
		{875512DE-A657-454E-B867-611D4491C963}.Ad-Hoc|x86.Build.0 = Release|Any CPU
		{875512DE-A657-454E-B867-611D4491C963}.Ad-Hoc|x86.Deploy.0 = Release|Any CPU
		{875512DE-A657-454E-B867-611D4491C963}.AppStore|Any CPU.ActiveCfg = Release|Any CPU
		{875512DE-A657-454E-B867-611D4491C963}.AppStore|Any CPU.Build.0 = Release|Any CPU
		{875512DE-A657-454E-B867-611D4491C963}.AppStore|Any CPU.Deploy.0 = Release|Any CPU
		{875512DE-A657-454E-B867-611D4491C963}.AppStore|ARM.ActiveCfg = Release|Any CPU
		{875512DE-A657-454E-B867-611D4491C963}.AppStore|ARM.Build.0 = Release|Any CPU
		{875512DE-A657-454E-B867-611D4491C963}.AppStore|ARM.Deploy.0 = Release|Any CPU
		{875512DE-A657-454E-B867-611D4491C963}.AppStore|iPhone.ActiveCfg = Release|Any CPU
		{875512DE-A657-454E-B867-611D4491C963}.AppStore|iPhone.Build.0 = Release|Any CPU
		{875512DE-A657-454E-B867-611D4491C963}.AppStore|iPhone.Deploy.0 = Release|Any CPU
		{875512DE-A657-454E-B867-611D4491C963}.AppStore|iPhoneSimulator.ActiveCfg = Release|Any CPU
		{875512DE-A657-454E-B867-611D4491C963}.AppStore|iPhoneSimulator.Build.0 = Release|Any CPU
		{875512DE-A657-454E-B867-611D4491C963}.AppStore|iPhoneSimulator.Deploy.0 = Release|Any CPU
		{875512DE-A657-454E-B867-611D4491C963}.AppStore|x64.ActiveCfg = Release|Any CPU
		{875512DE-A657-454E-B867-611D4491C963}.AppStore|x64.Build.0 = Release|Any CPU
		{875512DE-A657-454E-B867-611D4491C963}.AppStore|x64.Deploy.0 = Release|Any CPU
		{875512DE-A657-454E-B867-611D4491C963}.AppStore|x86.ActiveCfg = Release|Any CPU
		{875512DE-A657-454E-B867-611D4491C963}.AppStore|x86.Build.0 = Release|Any CPU
		{875512DE-A657-454E-B867-611D4491C963}.AppStore|x86.Deploy.0 = Release|Any CPU
		{875512DE-A657-454E-B867-611D4491C963}.Debug|Any CPU.ActiveCfg = Debug|Any CPU
		{875512DE-A657-454E-B867-611D4491C963}.Debug|Any CPU.Build.0 = Debug|Any CPU
		{875512DE-A657-454E-B867-611D4491C963}.Debug|Any CPU.Deploy.0 = Debug|Any CPU
		{875512DE-A657-454E-B867-611D4491C963}.Debug|ARM.ActiveCfg = Debug|Any CPU
		{875512DE-A657-454E-B867-611D4491C963}.Debug|ARM.Build.0 = Debug|Any CPU
		{875512DE-A657-454E-B867-611D4491C963}.Debug|ARM.Deploy.0 = Debug|Any CPU
		{875512DE-A657-454E-B867-611D4491C963}.Debug|iPhone.ActiveCfg = Debug|Any CPU
		{875512DE-A657-454E-B867-611D4491C963}.Debug|iPhone.Build.0 = Debug|Any CPU
		{875512DE-A657-454E-B867-611D4491C963}.Debug|iPhone.Deploy.0 = Debug|Any CPU
		{875512DE-A657-454E-B867-611D4491C963}.Debug|iPhoneSimulator.ActiveCfg = Debug|Any CPU
		{875512DE-A657-454E-B867-611D4491C963}.Debug|iPhoneSimulator.Build.0 = Debug|Any CPU
		{875512DE-A657-454E-B867-611D4491C963}.Debug|iPhoneSimulator.Deploy.0 = Debug|Any CPU
		{875512DE-A657-454E-B867-611D4491C963}.Debug|x64.ActiveCfg = Debug|Any CPU
		{875512DE-A657-454E-B867-611D4491C963}.Debug|x64.Build.0 = Debug|Any CPU
		{875512DE-A657-454E-B867-611D4491C963}.Debug|x64.Deploy.0 = Debug|Any CPU
		{875512DE-A657-454E-B867-611D4491C963}.Debug|x86.ActiveCfg = Debug|Any CPU
		{875512DE-A657-454E-B867-611D4491C963}.Debug|x86.Build.0 = Debug|Any CPU
		{875512DE-A657-454E-B867-611D4491C963}.Debug|x86.Deploy.0 = Debug|Any CPU
		{875512DE-A657-454E-B867-611D4491C963}.Release|Any CPU.ActiveCfg = Release|Any CPU
		{875512DE-A657-454E-B867-611D4491C963}.Release|Any CPU.Build.0 = Release|Any CPU
		{875512DE-A657-454E-B867-611D4491C963}.Release|Any CPU.Deploy.0 = Release|Any CPU
		{875512DE-A657-454E-B867-611D4491C963}.Release|ARM.ActiveCfg = Release|Any CPU
		{875512DE-A657-454E-B867-611D4491C963}.Release|ARM.Build.0 = Release|Any CPU
		{875512DE-A657-454E-B867-611D4491C963}.Release|ARM.Deploy.0 = Release|Any CPU
		{875512DE-A657-454E-B867-611D4491C963}.Release|iPhone.ActiveCfg = Release|Any CPU
		{875512DE-A657-454E-B867-611D4491C963}.Release|iPhone.Build.0 = Release|Any CPU
		{875512DE-A657-454E-B867-611D4491C963}.Release|iPhone.Deploy.0 = Release|Any CPU
		{875512DE-A657-454E-B867-611D4491C963}.Release|iPhoneSimulator.ActiveCfg = Release|Any CPU
		{875512DE-A657-454E-B867-611D4491C963}.Release|iPhoneSimulator.Build.0 = Release|Any CPU
		{875512DE-A657-454E-B867-611D4491C963}.Release|iPhoneSimulator.Deploy.0 = Release|Any CPU
		{875512DE-A657-454E-B867-611D4491C963}.Release|x64.ActiveCfg = Release|Any CPU
		{875512DE-A657-454E-B867-611D4491C963}.Release|x64.Build.0 = Release|Any CPU
		{875512DE-A657-454E-B867-611D4491C963}.Release|x64.Deploy.0 = Release|Any CPU
		{875512DE-A657-454E-B867-611D4491C963}.Release|x86.ActiveCfg = Release|Any CPU
		{875512DE-A657-454E-B867-611D4491C963}.Release|x86.Build.0 = Release|Any CPU
		{875512DE-A657-454E-B867-611D4491C963}.Release|x86.Deploy.0 = Release|Any CPU
		{875512DE-A657-454E-B867-611D4491C963}.Release-Xml|Any CPU.ActiveCfg = Release|Any CPU
		{875512DE-A657-454E-B867-611D4491C963}.Release-Xml|Any CPU.Build.0 = Release|Any CPU
		{875512DE-A657-454E-B867-611D4491C963}.Release-Xml|Any CPU.Deploy.0 = Release|Any CPU
		{875512DE-A657-454E-B867-611D4491C963}.Release-Xml|ARM.ActiveCfg = Release|Any CPU
		{875512DE-A657-454E-B867-611D4491C963}.Release-Xml|ARM.Build.0 = Release|Any CPU
		{875512DE-A657-454E-B867-611D4491C963}.Release-Xml|ARM.Deploy.0 = Release|Any CPU
		{875512DE-A657-454E-B867-611D4491C963}.Release-Xml|iPhone.ActiveCfg = Release|Any CPU
		{875512DE-A657-454E-B867-611D4491C963}.Release-Xml|iPhone.Build.0 = Release|Any CPU
		{875512DE-A657-454E-B867-611D4491C963}.Release-Xml|iPhone.Deploy.0 = Release|Any CPU
		{875512DE-A657-454E-B867-611D4491C963}.Release-Xml|iPhoneSimulator.ActiveCfg = Release|Any CPU
		{875512DE-A657-454E-B867-611D4491C963}.Release-Xml|iPhoneSimulator.Build.0 = Release|Any CPU
		{875512DE-A657-454E-B867-611D4491C963}.Release-Xml|iPhoneSimulator.Deploy.0 = Release|Any CPU
		{875512DE-A657-454E-B867-611D4491C963}.Release-Xml|x64.ActiveCfg = Release|Any CPU
		{875512DE-A657-454E-B867-611D4491C963}.Release-Xml|x64.Build.0 = Release|Any CPU
		{875512DE-A657-454E-B867-611D4491C963}.Release-Xml|x64.Deploy.0 = Release|Any CPU
		{875512DE-A657-454E-B867-611D4491C963}.Release-Xml|x86.ActiveCfg = Release|Any CPU
		{875512DE-A657-454E-B867-611D4491C963}.Release-Xml|x86.Build.0 = Release|Any CPU
		{875512DE-A657-454E-B867-611D4491C963}.Release-Xml|x86.Deploy.0 = Release|Any CPU
		{ECCA5902-C028-46B3-A2B9-8D2914129F48}.Ad-Hoc|Any CPU.ActiveCfg = Debug|iPhoneSimulator
		{ECCA5902-C028-46B3-A2B9-8D2914129F48}.Ad-Hoc|Any CPU.Build.0 = Debug|iPhoneSimulator
		{ECCA5902-C028-46B3-A2B9-8D2914129F48}.Ad-Hoc|ARM.ActiveCfg = Debug|iPhoneSimulator
		{ECCA5902-C028-46B3-A2B9-8D2914129F48}.Ad-Hoc|ARM.Build.0 = Debug|iPhoneSimulator
		{ECCA5902-C028-46B3-A2B9-8D2914129F48}.Ad-Hoc|iPhone.ActiveCfg = Debug|iPhone
		{ECCA5902-C028-46B3-A2B9-8D2914129F48}.Ad-Hoc|iPhone.Build.0 = Debug|iPhone
		{ECCA5902-C028-46B3-A2B9-8D2914129F48}.Ad-Hoc|iPhoneSimulator.ActiveCfg = Debug|iPhoneSimulator
		{ECCA5902-C028-46B3-A2B9-8D2914129F48}.Ad-Hoc|iPhoneSimulator.Build.0 = Debug|iPhoneSimulator
		{ECCA5902-C028-46B3-A2B9-8D2914129F48}.Ad-Hoc|x64.ActiveCfg = Debug|iPhoneSimulator
		{ECCA5902-C028-46B3-A2B9-8D2914129F48}.Ad-Hoc|x64.Build.0 = Debug|iPhoneSimulator
		{ECCA5902-C028-46B3-A2B9-8D2914129F48}.Ad-Hoc|x86.ActiveCfg = Debug|iPhoneSimulator
		{ECCA5902-C028-46B3-A2B9-8D2914129F48}.Ad-Hoc|x86.Build.0 = Debug|iPhoneSimulator
		{ECCA5902-C028-46B3-A2B9-8D2914129F48}.AppStore|Any CPU.ActiveCfg = Debug|iPhoneSimulator
		{ECCA5902-C028-46B3-A2B9-8D2914129F48}.AppStore|Any CPU.Build.0 = Debug|iPhoneSimulator
		{ECCA5902-C028-46B3-A2B9-8D2914129F48}.AppStore|ARM.ActiveCfg = Debug|iPhoneSimulator
		{ECCA5902-C028-46B3-A2B9-8D2914129F48}.AppStore|ARM.Build.0 = Debug|iPhoneSimulator
		{ECCA5902-C028-46B3-A2B9-8D2914129F48}.AppStore|iPhone.ActiveCfg = Debug|iPhone
		{ECCA5902-C028-46B3-A2B9-8D2914129F48}.AppStore|iPhone.Build.0 = Debug|iPhone
		{ECCA5902-C028-46B3-A2B9-8D2914129F48}.AppStore|iPhoneSimulator.ActiveCfg = Debug|iPhoneSimulator
		{ECCA5902-C028-46B3-A2B9-8D2914129F48}.AppStore|iPhoneSimulator.Build.0 = Debug|iPhoneSimulator
		{ECCA5902-C028-46B3-A2B9-8D2914129F48}.AppStore|x64.ActiveCfg = Debug|iPhoneSimulator
		{ECCA5902-C028-46B3-A2B9-8D2914129F48}.AppStore|x64.Build.0 = Debug|iPhoneSimulator
		{ECCA5902-C028-46B3-A2B9-8D2914129F48}.AppStore|x86.ActiveCfg = Debug|iPhoneSimulator
		{ECCA5902-C028-46B3-A2B9-8D2914129F48}.AppStore|x86.Build.0 = Debug|iPhoneSimulator
		{ECCA5902-C028-46B3-A2B9-8D2914129F48}.Debug|Any CPU.ActiveCfg = Debug|iPhoneSimulator
		{ECCA5902-C028-46B3-A2B9-8D2914129F48}.Debug|ARM.ActiveCfg = Debug|iPhoneSimulator
		{ECCA5902-C028-46B3-A2B9-8D2914129F48}.Debug|iPhone.ActiveCfg = Debug|iPhone
		{ECCA5902-C028-46B3-A2B9-8D2914129F48}.Debug|iPhone.Build.0 = Debug|iPhone
		{ECCA5902-C028-46B3-A2B9-8D2914129F48}.Debug|iPhoneSimulator.ActiveCfg = Debug|iPhoneSimulator
		{ECCA5902-C028-46B3-A2B9-8D2914129F48}.Debug|iPhoneSimulator.Build.0 = Debug|iPhoneSimulator
		{ECCA5902-C028-46B3-A2B9-8D2914129F48}.Debug|x64.ActiveCfg = Debug|iPhoneSimulator
		{ECCA5902-C028-46B3-A2B9-8D2914129F48}.Debug|x86.ActiveCfg = Debug|iPhoneSimulator
		{ECCA5902-C028-46B3-A2B9-8D2914129F48}.Release|Any CPU.ActiveCfg = Release|iPhoneSimulator
		{ECCA5902-C028-46B3-A2B9-8D2914129F48}.Release|ARM.ActiveCfg = Release|iPhoneSimulator
		{ECCA5902-C028-46B3-A2B9-8D2914129F48}.Release|iPhone.ActiveCfg = Release|iPhone
		{ECCA5902-C028-46B3-A2B9-8D2914129F48}.Release|iPhone.Build.0 = Release|iPhone
		{ECCA5902-C028-46B3-A2B9-8D2914129F48}.Release|iPhoneSimulator.ActiveCfg = Release|iPhoneSimulator
		{ECCA5902-C028-46B3-A2B9-8D2914129F48}.Release|iPhoneSimulator.Build.0 = Release|iPhoneSimulator
		{ECCA5902-C028-46B3-A2B9-8D2914129F48}.Release|x64.ActiveCfg = Release|iPhoneSimulator
		{ECCA5902-C028-46B3-A2B9-8D2914129F48}.Release|x86.ActiveCfg = Release|iPhoneSimulator
		{ECCA5902-C028-46B3-A2B9-8D2914129F48}.Release-Xml|Any CPU.ActiveCfg = Debug|iPhoneSimulator
		{ECCA5902-C028-46B3-A2B9-8D2914129F48}.Release-Xml|Any CPU.Build.0 = Debug|iPhoneSimulator
		{ECCA5902-C028-46B3-A2B9-8D2914129F48}.Release-Xml|ARM.ActiveCfg = Debug|iPhoneSimulator
		{ECCA5902-C028-46B3-A2B9-8D2914129F48}.Release-Xml|ARM.Build.0 = Debug|iPhoneSimulator
		{ECCA5902-C028-46B3-A2B9-8D2914129F48}.Release-Xml|iPhone.ActiveCfg = Release|iPhone
		{ECCA5902-C028-46B3-A2B9-8D2914129F48}.Release-Xml|iPhone.Build.0 = Release|iPhone
		{ECCA5902-C028-46B3-A2B9-8D2914129F48}.Release-Xml|iPhoneSimulator.ActiveCfg = Release|iPhoneSimulator
		{ECCA5902-C028-46B3-A2B9-8D2914129F48}.Release-Xml|iPhoneSimulator.Build.0 = Release|iPhoneSimulator
		{ECCA5902-C028-46B3-A2B9-8D2914129F48}.Release-Xml|x64.ActiveCfg = Debug|iPhoneSimulator
		{ECCA5902-C028-46B3-A2B9-8D2914129F48}.Release-Xml|x64.Build.0 = Debug|iPhoneSimulator
		{ECCA5902-C028-46B3-A2B9-8D2914129F48}.Release-Xml|x86.ActiveCfg = Debug|iPhoneSimulator
		{ECCA5902-C028-46B3-A2B9-8D2914129F48}.Release-Xml|x86.Build.0 = Debug|iPhoneSimulator
	EndGlobalSection
	GlobalSection(SolutionProperties) = preSolution
		HideSolutionNode = FALSE
	EndGlobalSection
	GlobalSection(ExtensibilityGlobals) = postSolution
		SolutionGuid = {FFA2CE29-B96C-46D7-B28C-421C738B3961}
	EndGlobalSection
EndGlobal
